// !$*UTF8*$!
{
	archiveVersion = 1;
	classes = {
	};
	objectVersion = 56;
	objects = {

/* Begin PBXBuildFile section */
		A9967CB7296C69760049F440 /* LoginData.swift in Sources */ = {isa = PBXBuildFile; fileRef = A9967CB6296C69750049F440 /* LoginData.swift */; };
		A9967CBA296C69A50049F440 /* NavigationFuncs.swift in Sources */ = {isa = PBXBuildFile; fileRef = A9967CB9296C69A50049F440 /* NavigationFuncs.swift */; };
		A9967CBC296C70BF0049F440 /* LoginInputStyle.swift in Sources */ = {isa = PBXBuildFile; fileRef = A9967CBB296C70BF0049F440 /* LoginInputStyle.swift */; };
		A9967CC0296C791C0049F440 /* HomeScreenMain.swift in Sources */ = {isa = PBXBuildFile; fileRef = A9967CBF296C791C0049F440 /* HomeScreenMain.swift */; };
		A9967CC4296C7B470049F440 /* SearchSreen.swift in Sources */ = {isa = PBXBuildFile; fileRef = A9967CC3296C7B470049F440 /* SearchSreen.swift */; };
		A9967CC6296C7B550049F440 /* ProfileScreen.swift in Sources */ = {isa = PBXBuildFile; fileRef = A9967CC5296C7B550049F440 /* ProfileScreen.swift */; };
		A9967CC9296C7C230049F440 /* TabsScreen.swift in Sources */ = {isa = PBXBuildFile; fileRef = A9967CC8296C7C230049F440 /* TabsScreen.swift */; };
		A9A6153E295D8DE2009788E4 /* SocialAppApp.swift in Sources */ = {isa = PBXBuildFile; fileRef = A9A6153D295D8DE2009788E4 /* SocialAppApp.swift */; };
		A9A61540295D8DE2009788E4 /* ContentView.swift in Sources */ = {isa = PBXBuildFile; fileRef = A9A6153F295D8DE2009788E4 /* ContentView.swift */; };
		A9A61542295D8DE6009788E4 /* Assets.xcassets in Resources */ = {isa = PBXBuildFile; fileRef = A9A61541295D8DE6009788E4 /* Assets.xcassets */; };
		A9A61545295D8DE6009788E4 /* Preview Assets.xcassets in Resources */ = {isa = PBXBuildFile; fileRef = A9A61544295D8DE6009788E4 /* Preview Assets.xcassets */; };
		A9A6154E295DA503009788E4 /* LoginView.swift in Sources */ = {isa = PBXBuildFile; fileRef = A9A6154D295DA503009788E4 /* LoginView.swift */; };
/* End PBXBuildFile section */

/* Begin PBXFileReference section */
		A9967CB6296C69750049F440 /* LoginData.swift */ = {isa = PBXFileReference; lastKnownFileType = sourcecode.swift; path = LoginData.swift; sourceTree = "<group>"; };
		A9967CB9296C69A50049F440 /* NavigationFuncs.swift */ = {isa = PBXFileReference; lastKnownFileType = sourcecode.swift; path = NavigationFuncs.swift; sourceTree = "<group>"; };
		A9967CBB296C70BF0049F440 /* LoginInputStyle.swift */ = {isa = PBXFileReference; lastKnownFileType = sourcecode.swift; path = LoginInputStyle.swift; sourceTree = "<group>"; };
		A9967CBF296C791C0049F440 /* HomeScreenMain.swift */ = {isa = PBXFileReference; lastKnownFileType = sourcecode.swift; path = HomeScreenMain.swift; sourceTree = "<group>"; };
		A9967CC3296C7B470049F440 /* SearchSreen.swift */ = {isa = PBXFileReference; lastKnownFileType = sourcecode.swift; path = SearchSreen.swift; sourceTree = "<group>"; };
		A9967CC5296C7B550049F440 /* ProfileScreen.swift */ = {isa = PBXFileReference; lastKnownFileType = sourcecode.swift; path = ProfileScreen.swift; sourceTree = "<group>"; };
		A9967CC8296C7C230049F440 /* TabsScreen.swift */ = {isa = PBXFileReference; lastKnownFileType = sourcecode.swift; path = TabsScreen.swift; sourceTree = "<group>"; };
		A9A6153A295D8DE2009788E4 /* SocialApp.app */ = {isa = PBXFileReference; explicitFileType = wrapper.application; includeInIndex = 0; path = SocialApp.app; sourceTree = BUILT_PRODUCTS_DIR; };
		A9A6153D295D8DE2009788E4 /* SocialAppApp.swift */ = {isa = PBXFileReference; lastKnownFileType = sourcecode.swift; path = SocialAppApp.swift; sourceTree = "<group>"; };
		A9A6153F295D8DE2009788E4 /* ContentView.swift */ = {isa = PBXFileReference; lastKnownFileType = sourcecode.swift; path = ContentView.swift; sourceTree = "<group>"; };
		A9A61541295D8DE6009788E4 /* Assets.xcassets */ = {isa = PBXFileReference; lastKnownFileType = folder.assetcatalog; path = Assets.xcassets; sourceTree = "<group>"; };
		A9A61544295D8DE6009788E4 /* Preview Assets.xcassets */ = {isa = PBXFileReference; lastKnownFileType = folder.assetcatalog; path = "Preview Assets.xcassets"; sourceTree = "<group>"; };
		A9A6154D295DA503009788E4 /* LoginView.swift */ = {isa = PBXFileReference; lastKnownFileType = sourcecode.swift; path = LoginView.swift; sourceTree = "<group>"; };
/* End PBXFileReference section */

/* Begin PBXFrameworksBuildPhase section */
		A9A61537295D8DE2009788E4 /* Frameworks */ = {
			isa = PBXFrameworksBuildPhase;
			buildActionMask = 2147483647;
			files = (
			);
			runOnlyForDeploymentPostprocessing = 0;
		};
/* End PBXFrameworksBuildPhase section */

/* Begin PBXGroup section */
		A9967CB1296C5C300049F440 /* scr */ = {
			isa = PBXGroup;
			children = (
				A9967CB4296C693A0049F440 /* GenData */,
				A9967CB2296C5C3D0049F440 /* Screens */,
			);
			path = scr;
			sourceTree = "<group>";
		};
		A9967CB2296C5C3D0049F440 /* Screens */ = {
			isa = PBXGroup;
			children = (
				A9967CC7296C7BE70049F440 /* TabsScreen */,
				A9967CB3296C5C430049F440 /* Login */,
			);
			path = Screens;
			sourceTree = "<group>";
		};
		A9967CB3296C5C430049F440 /* Login */ = {
			isa = PBXGroup;
			children = (
				A9A6154D295DA503009788E4 /* LoginView.swift */,
			);
			path = Login;
			sourceTree = "<group>";
		};
		A9967CB4296C693A0049F440 /* GenData */ = {
			isa = PBXGroup;
			children = (
				A9967CB8296C69840049F440 /* Navigation */,
				A9967CB5296C69540049F440 /* LoginData */,
			);
			path = GenData;
			sourceTree = "<group>";
		};
		A9967CB5296C69540049F440 /* LoginData */ = {
			isa = PBXGroup;
			children = (
				A9967CB6296C69750049F440 /* LoginData.swift */,
				A9967CBB296C70BF0049F440 /* LoginInputStyle.swift */,
			);
			path = LoginData;
			sourceTree = "<group>";
		};
		A9967CB8296C69840049F440 /* Navigation */ = {
			isa = PBXGroup;
			children = (
				A9967CB9296C69A50049F440 /* NavigationFuncs.swift */,
			);
			path = Navigation;
			sourceTree = "<group>";
		};
		A9967CBE296C78D10049F440 /* HomeScreens */ = {
			isa = PBXGroup;
			children = (
				A9967CBF296C791C0049F440 /* HomeScreenMain.swift */,
			);
			path = HomeScreens;
			sourceTree = "<group>";
		};
		A9967CC1296C7B1C0049F440 /* Serach */ = {
			isa = PBXGroup;
			children = (
				A9967CC3296C7B470049F440 /* SearchSreen.swift */,
			);
			path = Serach;
			sourceTree = "<group>";
		};
		A9967CC2296C7B230049F440 /* Profile */ = {
			isa = PBXGroup;
			children = (
				A9967CC5296C7B550049F440 /* ProfileScreen.swift */,
			);
			path = Profile;
			sourceTree = "<group>";
		};
		A9967CC7296C7BE70049F440 /* TabsScreen */ = {
			isa = PBXGroup;
			children = (
				A9967CCA296C7C2C0049F440 /* Tabs */,
				A9967CC8296C7C230049F440 /* TabsScreen.swift */,
			);
			path = TabsScreen;
			sourceTree = "<group>";
		};
		A9967CCA296C7C2C0049F440 /* Tabs */ = {
			isa = PBXGroup;
			children = (
				A9967CC2296C7B230049F440 /* Profile */,
				A9967CC1296C7B1C0049F440 /* Serach */,
				A9967CBE296C78D10049F440 /* HomeScreens */,
			);
			path = Tabs;
			sourceTree = "<group>";
		};
		A9A61531295D8DE1009788E4 = {
			isa = PBXGroup;
			children = (
				A9A6153C295D8DE2009788E4 /* SocialApp */,
				A9A6153B295D8DE2009788E4 /* Products */,
			);
			sourceTree = "<group>";
		};
		A9A6153B295D8DE2009788E4 /* Products */ = {
			isa = PBXGroup;
			children = (
				A9A6153A295D8DE2009788E4 /* SocialApp.app */,
			);
			name = Products;
			sourceTree = "<group>";
		};
		A9A6153C295D8DE2009788E4 /* SocialApp */ = {
			isa = PBXGroup;
			children = (
				A9967CB1296C5C300049F440 /* scr */,
				A9A6153D295D8DE2009788E4 /* SocialAppApp.swift */,
				A9A6153F295D8DE2009788E4 /* ContentView.swift */,
				A9A61541295D8DE6009788E4 /* Assets.xcassets */,
				A9A61543295D8DE6009788E4 /* Preview Content */,
			);
			path = SocialApp;
			sourceTree = "<group>";
		};
		A9A61543295D8DE6009788E4 /* Preview Content */ = {
			isa = PBXGroup;
			children = (
				A9A61544295D8DE6009788E4 /* Preview Assets.xcassets */,
			);
			path = "Preview Content";
			sourceTree = "<group>";
		};
/* End PBXGroup section */

/* Begin PBXNativeTarget section */
		A9A61539295D8DE2009788E4 /* SocialApp */ = {
			isa = PBXNativeTarget;
			buildConfigurationList = A9A61548295D8DE6009788E4 /* Build configuration list for PBXNativeTarget "SocialApp" */;
			buildPhases = (
				A9A61536295D8DE2009788E4 /* Sources */,
				A9A61537295D8DE2009788E4 /* Frameworks */,
				A9A61538295D8DE2009788E4 /* Resources */,
			);
			buildRules = (
			);
			dependencies = (
			);
			name = SocialApp;
			productName = SocialApp;
			productReference = A9A6153A295D8DE2009788E4 /* SocialApp.app */;
			productType = "com.apple.product-type.application";
		};
/* End PBXNativeTarget section */

/* Begin PBXProject section */
		A9A61532295D8DE1009788E4 /* Project object */ = {
			isa = PBXProject;
			attributes = {
				BuildIndependentTargetsInParallel = 1;
				LastSwiftUpdateCheck = 1420;
				LastUpgradeCheck = 1420;
				TargetAttributes = {
					A9A61539295D8DE2009788E4 = {
						CreatedOnToolsVersion = 14.2;
					};
				};
			};
			buildConfigurationList = A9A61535295D8DE1009788E4 /* Build configuration list for PBXProject "SocialApp" */;
			compatibilityVersion = "Xcode 14.0";
			developmentRegion = en;
			hasScannedForEncodings = 0;
			knownRegions = (
				en,
				Base,
			);
			mainGroup = A9A61531295D8DE1009788E4;
			productRefGroup = A9A6153B295D8DE2009788E4 /* Products */;
			projectDirPath = "";
			projectRoot = "";
			targets = (
				A9A61539295D8DE2009788E4 /* SocialApp */,
			);
		};
/* End PBXProject section */

/* Begin PBXResourcesBuildPhase section */
		A9A61538295D8DE2009788E4 /* Resources */ = {
			isa = PBXResourcesBuildPhase;
			buildActionMask = 2147483647;
			files = (
				A9A61545295D8DE6009788E4 /* Preview Assets.xcassets in Resources */,
				A9A61542295D8DE6009788E4 /* Assets.xcassets in Resources */,
			);
			runOnlyForDeploymentPostprocessing = 0;
		};
/* End PBXResourcesBuildPhase section */

/* Begin PBXSourcesBuildPhase section */
		A9A61536295D8DE2009788E4 /* Sources */ = {
			isa = PBXSourcesBuildPhase;
			buildActionMask = 2147483647;
			files = (
				A9967CBC296C70BF0049F440 /* LoginInputStyle.swift in Sources */,
				A9967CBA296C69A50049F440 /* NavigationFuncs.swift in Sources */,
				A9A6154E295DA503009788E4 /* LoginView.swift in Sources */,
				A9967CC9296C7C230049F440 /* TabsScreen.swift in Sources */,
				A9967CB7296C69760049F440 /* LoginData.swift in Sources */,
				A9967CC6296C7B550049F440 /* ProfileScreen.swift in Sources */,
				A9A61540295D8DE2009788E4 /* ContentView.swift in Sources */,
				A9A6153E295D8DE2009788E4 /* SocialAppApp.swift in Sources */,
				A9967CC0296C791C0049F440 /* HomeScreenMain.swift in Sources */,
				A9967CC4296C7B470049F440 /* SearchSreen.swift in Sources */,
			);
			runOnlyForDeploymentPostprocessing = 0;
		};
/* End PBXSourcesBuildPhase section */

/* Begin XCBuildConfiguration section */
		A9A61546295D8DE6009788E4 /* Debug */ = {
			isa = XCBuildConfiguration;
			buildSettings = {
				ALWAYS_SEARCH_USER_PATHS = NO;
				CLANG_ANALYZER_NONNULL = YES;
				CLANG_ANALYZER_NUMBER_OBJECT_CONVERSION = YES_AGGRESSIVE;
				CLANG_CXX_LANGUAGE_STANDARD = "gnu++20";
				CLANG_ENABLE_MODULES = YES;
				CLANG_ENABLE_OBJC_ARC = YES;
				CLANG_ENABLE_OBJC_WEAK = YES;
				CLANG_WARN_BLOCK_CAPTURE_AUTORELEASING = YES;
				CLANG_WARN_BOOL_CONVERSION = YES;
				CLANG_WARN_COMMA = YES;
				CLANG_WARN_CONSTANT_CONVERSION = YES;
				CLANG_WARN_DEPRECATED_OBJC_IMPLEMENTATIONS = YES;
				CLANG_WARN_DIRECT_OBJC_ISA_USAGE = YES_ERROR;
				CLANG_WARN_DOCUMENTATION_COMMENTS = YES;
				CLANG_WARN_EMPTY_BODY = YES;
				CLANG_WARN_ENUM_CONVERSION = YES;
				CLANG_WARN_INFINITE_RECURSION = YES;
				CLANG_WARN_INT_CONVERSION = YES;
				CLANG_WARN_NON_LITERAL_NULL_CONVERSION = YES;
				CLANG_WARN_OBJC_IMPLICIT_RETAIN_SELF = YES;
				CLANG_WARN_OBJC_LITERAL_CONVERSION = YES;
				CLANG_WARN_OBJC_ROOT_CLASS = YES_ERROR;
				CLANG_WARN_QUOTED_INCLUDE_IN_FRAMEWORK_HEADER = YES;
				CLANG_WARN_RANGE_LOOP_ANALYSIS = YES;
				CLANG_WARN_STRICT_PROTOTYPES = YES;
				CLANG_WARN_SUSPICIOUS_MOVE = YES;
				CLANG_WARN_UNGUARDED_AVAILABILITY = YES_AGGRESSIVE;
				CLANG_WARN_UNREACHABLE_CODE = YES;
				CLANG_WARN__DUPLICATE_METHOD_MATCH = YES;
				COPY_PHASE_STRIP = NO;
				DEBUG_INFORMATION_FORMAT = dwarf;
				ENABLE_STRICT_OBJC_MSGSEND = YES;
				ENABLE_TESTABILITY = YES;
				GCC_C_LANGUAGE_STANDARD = gnu11;
				GCC_DYNAMIC_NO_PIC = NO;
				GCC_NO_COMMON_BLOCKS = YES;
				GCC_OPTIMIZATION_LEVEL = 0;
				GCC_PREPROCESSOR_DEFINITIONS = (
					"DEBUG=1",
					"$(inherited)",
				);
				GCC_WARN_64_TO_32_BIT_CONVERSION = YES;
				GCC_WARN_ABOUT_RETURN_TYPE = YES_ERROR;
				GCC_WARN_UNDECLARED_SELECTOR = YES;
				GCC_WARN_UNINITIALIZED_AUTOS = YES_AGGRESSIVE;
				GCC_WARN_UNUSED_FUNCTION = YES;
				GCC_WARN_UNUSED_VARIABLE = YES;
				IPHONEOS_DEPLOYMENT_TARGET = 16.2;
				MTL_ENABLE_DEBUG_INFO = INCLUDE_SOURCE;
				MTL_FAST_MATH = YES;
				ONLY_ACTIVE_ARCH = YES;
				SDKROOT = iphoneos;
				SWIFT_ACTIVE_COMPILATION_CONDITIONS = DEBUG;
				SWIFT_OPTIMIZATION_LEVEL = "-Onone";
			};
			name = Debug;
		};
		A9A61547295D8DE6009788E4 /* Release */ = {
			isa = XCBuildConfiguration;
			buildSettings = {
				ALWAYS_SEARCH_USER_PATHS = NO;
				CLANG_ANALYZER_NONNULL = YES;
				CLANG_ANALYZER_NUMBER_OBJECT_CONVERSION = YES_AGGRESSIVE;
				CLANG_CXX_LANGUAGE_STANDARD = "gnu++20";
				CLANG_ENABLE_MODULES = YES;
				CLANG_ENABLE_OBJC_ARC = YES;
				CLANG_ENABLE_OBJC_WEAK = YES;
				CLANG_WARN_BLOCK_CAPTURE_AUTORELEASING = YES;
				CLANG_WARN_BOOL_CONVERSION = YES;
				CLANG_WARN_COMMA = YES;
				CLANG_WARN_CONSTANT_CONVERSION = YES;
				CLANG_WARN_DEPRECATED_OBJC_IMPLEMENTATIONS = YES;
				CLANG_WARN_DIRECT_OBJC_ISA_USAGE = YES_ERROR;
				CLANG_WARN_DOCUMENTATION_COMMENTS = YES;
				CLANG_WARN_EMPTY_BODY = YES;
				CLANG_WARN_ENUM_CONVERSION = YES;
				CLANG_WARN_INFINITE_RECURSION = YES;
				CLANG_WARN_INT_CONVERSION = YES;
				CLANG_WARN_NON_LITERAL_NULL_CONVERSION = YES;
				CLANG_WARN_OBJC_IMPLICIT_RETAIN_SELF = YES;
				CLANG_WARN_OBJC_LITERAL_CONVERSION = YES;
				CLANG_WARN_OBJC_ROOT_CLASS = YES_ERROR;
				CLANG_WARN_QUOTED_INCLUDE_IN_FRAMEWORK_HEADER = YES;
				CLANG_WARN_RANGE_LOOP_ANALYSIS = YES;
				CLANG_WARN_STRICT_PROTOTYPES = YES;
				CLANG_WARN_SUSPICIOUS_MOVE = YES;
				CLANG_WARN_UNGUARDED_AVAILABILITY = YES_AGGRESSIVE;
				CLANG_WARN_UNREACHABLE_CODE = YES;
				CLANG_WARN__DUPLICATE_METHOD_MATCH = YES;
				COPY_PHASE_STRIP = NO;
				DEBUG_INFORMATION_FORMAT = "dwarf-with-dsym";
				ENABLE_NS_ASSERTIONS = NO;
				ENABLE_STRICT_OBJC_MSGSEND = YES;
				GCC_C_LANGUAGE_STANDARD = gnu11;
				GCC_NO_COMMON_BLOCKS = YES;
				GCC_WARN_64_TO_32_BIT_CONVERSION = YES;
				GCC_WARN_ABOUT_RETURN_TYPE = YES_ERROR;
				GCC_WARN_UNDECLARED_SELECTOR = YES;
				GCC_WARN_UNINITIALIZED_AUTOS = YES_AGGRESSIVE;
				GCC_WARN_UNUSED_FUNCTION = YES;
				GCC_WARN_UNUSED_VARIABLE = YES;
				IPHONEOS_DEPLOYMENT_TARGET = 16.2;
				MTL_ENABLE_DEBUG_INFO = NO;
				MTL_FAST_MATH = YES;
				SDKROOT = iphoneos;
				SWIFT_COMPILATION_MODE = wholemodule;
				SWIFT_OPTIMIZATION_LEVEL = "-O";
				VALIDATE_PRODUCT = YES;
			};
			name = Release;
		};
		A9A61549295D8DE6009788E4 /* Debug */ = {
			isa = XCBuildConfiguration;
			buildSettings = {
				ASSETCATALOG_COMPILER_APPICON_NAME = AppIcon;
				ASSETCATALOG_COMPILER_GLOBAL_ACCENT_COLOR_NAME = AccentColor;
				CODE_SIGN_STYLE = Automatic;
				CURRENT_PROJECT_VERSION = 1;
				DEVELOPMENT_ASSET_PATHS = "\"SocialApp/Preview Content\"";
				DEVELOPMENT_TEAM = H6V832Q56J;
				ENABLE_PREVIEWS = YES;
				GENERATE_INFOPLIST_FILE = YES;
				INFOPLIST_KEY_LSApplicationCategoryType = "public.app-category.business";
				INFOPLIST_KEY_UIApplicationSceneManifest_Generation = YES;
				INFOPLIST_KEY_UIApplicationSupportsIndirectInputEvents = YES;
				INFOPLIST_KEY_UILaunchScreen_Generation = YES;
				INFOPLIST_KEY_UISupportedInterfaceOrientations_iPad = "UIInterfaceOrientationPortrait UIInterfaceOrientationPortraitUpsideDown UIInterfaceOrientationLandscapeLeft UIInterfaceOrientationLandscapeRight";
				INFOPLIST_KEY_UISupportedInterfaceOrientations_iPhone = "UIInterfaceOrientationPortrait UIInterfaceOrientationLandscapeLeft UIInterfaceOrientationLandscapeRight";
				IPHONEOS_DEPLOYMENT_TARGET = 16.0;
				LD_RUNPATH_SEARCH_PATHS = (
					"$(inherited)",
					"@executable_path/Frameworks",
				);
				MARKETING_VERSION = 1.0;
				PRODUCT_BUNDLE_IDENTIFIER = com.MCGroup.SocialApp;
				PRODUCT_NAME = "$(TARGET_NAME)";
				SUPPORTED_PLATFORMS = "iphoneos iphonesimulator";
				SUPPORTS_MACCATALYST = NO;
				SUPPORTS_MAC_DESIGNED_FOR_IPHONE_IPAD = NO;
				SWIFT_EMIT_LOC_STRINGS = YES;
				SWIFT_VERSION = 5.0;
				TARGETED_DEVICE_FAMILY = "1,2";
			};
			name = Debug;
		};
		A9A6154A295D8DE6009788E4 /* Release */ = {
			isa = XCBuildConfiguration;
			buildSettings = {
				ASSETCATALOG_COMPILER_APPICON_NAME = AppIcon;
				ASSETCATALOG_COMPILER_GLOBAL_ACCENT_COLOR_NAME = AccentColor;
				CODE_SIGN_STYLE = Automatic;
				CURRENT_PROJECT_VERSION = 1;
				DEVELOPMENT_ASSET_PATHS = "\"SocialApp/Preview Content\"";
				DEVELOPMENT_TEAM = H6V832Q56J;
				ENABLE_PREVIEWS = YES;
				GENERATE_INFOPLIST_FILE = YES;
				INFOPLIST_KEY_LSApplicationCategoryType = "public.app-category.business";
				INFOPLIST_KEY_UIApplicationSceneManifest_Generation = YES;
				INFOPLIST_KEY_UIApplicationSupportsIndirectInputEvents = YES;
				INFOPLIST_KEY_UILaunchScreen_Generation = YES;
				INFOPLIST_KEY_UISupportedInterfaceOrientations_iPad = "UIInterfaceOrientationPortrait UIInterfaceOrientationPortraitUpsideDown UIInterfaceOrientationLandscapeLeft UIInterfaceOrientationLandscapeRight";
				INFOPLIST_KEY_UISupportedInterfaceOrientations_iPhone = "UIInterfaceOrientationPortrait UIInterfaceOrientationLandscapeLeft UIInterfaceOrientationLandscapeRight";
				IPHONEOS_DEPLOYMENT_TARGET = 16.0;
				LD_RUNPATH_SEARCH_PATHS = (
					"$(inherited)",
					"@executable_path/Frameworks",
				);
				MARKETING_VERSION = 1.0;
				PRODUCT_BUNDLE_IDENTIFIER = com.MCGroup.SocialApp;
				PRODUCT_NAME = "$(TARGET_NAME)";
				SUPPORTED_PLATFORMS = "iphoneos iphonesimulator";
				SUPPORTS_MACCATALYST = NO;
				SUPPORTS_MAC_DESIGNED_FOR_IPHONE_IPAD = NO;
				SWIFT_EMIT_LOC_STRINGS = YES;
				SWIFT_VERSION = 5.0;
				TARGETED_DEVICE_FAMILY = "1,2";
			};
			name = Release;
		};
/* End XCBuildConfiguration section */

/* Begin XCConfigurationList section */
		A9A61535295D8DE1009788E4 /* Build configuration list for PBXProject "SocialApp" */ = {
			isa = XCConfigurationList;
			buildConfigurations = (
				A9A61546295D8DE6009788E4 /* Debug */,
				A9A61547295D8DE6009788E4 /* Release */,
			);
			defaultConfigurationIsVisible = 0;
			defaultConfigurationName = Release;
		};
		A9A61548295D8DE6009788E4 /* Build configuration list for PBXNativeTarget "SocialApp" */ = {
			isa = XCConfigurationList;
			buildConfigurations = (
				A9A61549295D8DE6009788E4 /* Debug */,
				A9A6154A295D8DE6009788E4 /* Release */,
			);
			defaultConfigurationIsVisible = 0;
			defaultConfigurationName = Release;
		};
/* End XCConfigurationList section */
	};
	rootObject = A9A61532295D8DE1009788E4 /* Project object */;
}
